
Microsoft Visual Studio Solution File, Format Version 12.00
# Visual Studio Version 16
VisualStudioVersion = 16.0.31321.278
MinimumVisualStudioVersion = 10.0.40219.1
Project("{2150E333-8FDC-42A3-9474-1A3956D46DE8}") = "1- Layer", "1- Layer", "{2D0C1E3C-2543-4D69-BE25-FDDEA883D44F}"
EndProject
Project("{2150E333-8FDC-42A3-9474-1A3956D46DE8}") = "1.1 Distributed Services", "1.1 Distributed Services", "{1296D5B2-561F-4F4C-B2CE-63CFAAD00916}"
EndProject
Project("{2150E333-8FDC-42A3-9474-1A3956D46DE8}") = "1.2 Application", "1.2 Application", "{E6D25438-979D-4BA2-B32D-B82B4943107D}"
EndProject
Project("{2150E333-8FDC-42A3-9474-1A3956D46DE8}") = "1.3 Business", "1.3 Business", "{15114C3A-99FB-46D0-A65B-9BE3524A0179}"
EndProject
Project("{2150E333-8FDC-42A3-9474-1A3956D46DE8}") = "1.4 DataAccess", "1.4 DataAccess", "{051FF6E3-476E-439E-8369-014A67EAB7BE}"
EndProject
Project("{2150E333-8FDC-42A3-9474-1A3956D46DE8}") = "1.5 CrossCutting", "1.5 CrossCutting", "{33928CE6-68D0-4A6D-A34F-EC2EC1919D1F}"
EndProject
Project("{9A19103F-16F7-4668-BE54-9A1E7A4F7556}") = "ScheduleNetCore.API", "ScheduleNetCore.API\ScheduleNetCore.API.csproj", "{CC2710FD-D81A-491E-A1BE-5ACA48A23FA8}"
EndProject
Project("{9A19103F-16F7-4668-BE54-9A1E7A4F7556}") = "ScheduleNetCore.Web", "ScheduleNetCore.Web\ScheduleNetCore.Web.csproj", "{7A87DDC8-D390-4C21-8D7E-85AB6060C1B3}"
EndProject
Project("{9A19103F-16F7-4668-BE54-9A1E7A4F7556}") = "ScheduleNetCore.Api.Application", "ScheduleNetCore.Api.Application\ScheduleNetCore.Api.Application.csproj", "{E5D2B8B1-11B1-4F04-B152-383F6F2CD7EE}"
EndProject
Project("{9A19103F-16F7-4668-BE54-9A1E7A4F7556}") = "ScheduleNetCore.Api.Application.Contracts", "ScheduleNetCore.Api.Application.Contracts\ScheduleNetCore.Api.Application.Contracts.csproj", "{31FCEA93-8D5E-403D-BB06-E624765AA4F6}"
EndProject
Project("{9A19103F-16F7-4668-BE54-9A1E7A4F7556}") = "ScheduleNetCore.Api.Business", "ScheduleNetCore.Api.Business\ScheduleNetCore.Api.Business.csproj", "{0E32C325-3D8A-4C42-BE4E-CF8F40F7C614}"
EndProject
Project("{9A19103F-16F7-4668-BE54-9A1E7A4F7556}") = "ScheduleNetCore.Api.DataAccess", "ScheduleNetCore.Api.DataAccess\ScheduleNetCore.Api.DataAccess.csproj", "{7C6A38FC-44ED-42D4-85A7-C21A51E9651D}"
EndProject
Project("{9A19103F-16F7-4668-BE54-9A1E7A4F7556}") = "ScheduleNetCore.Api.DataAccess.Contracts", "ScheduleNetCore.Api.DataAccess.Contracts\ScheduleNetCore.Api.DataAccess.Contracts.csproj", "{16309175-D62B-4ABF-84CC-D12043F7B17E}"
EndProject
Project("{9A19103F-16F7-4668-BE54-9A1E7A4F7556}") = "ScheduleNetCore.Api.CrossCutting", "ScheduleNetCore.Api.CrossCutting\ScheduleNetCore.Api.CrossCutting.csproj", "{86C65EF6-6AA5-4BED-ABC1-72D22A4189A7}"
EndProject
Project("{9A19103F-16F7-4668-BE54-9A1E7A4F7556}") = "ScheduleNetCore.Api.Application.Unit.Test", "ScheduleNetCore.Api.Application.Unit.Test\ScheduleNetCore.Api.Application.Unit.Test.csproj", "{C5521AA0-9139-4634-A8BC-033393052B7D}"
EndProject
Project("{FAE04EC0-301F-11D3-BF4B-00C04F79EFBC}") = "ScheduleNetCore.Api.Application.Integration.Test", "ScheduleNetCore.Api.Application.Integration.Test\ScheduleNetCore.Api.Application.Integration.Test.csproj", "{F55A6F24-63AB-4538-9191-767A20A630F5}"
EndProject
Global
	GlobalSection(SolutionConfigurationPlatforms) = preSolution
		Debug|Any CPU = Debug|Any CPU
		Release|Any CPU = Release|Any CPU
	EndGlobalSection
	GlobalSection(ProjectConfigurationPlatforms) = postSolution
		{CC2710FD-D81A-491E-A1BE-5ACA48A23FA8}.Debug|Any CPU.ActiveCfg = Debug|Any CPU
		{CC2710FD-D81A-491E-A1BE-5ACA48A23FA8}.Debug|Any CPU.Build.0 = Debug|Any CPU
		{CC2710FD-D81A-491E-A1BE-5ACA48A23FA8}.Release|Any CPU.ActiveCfg = Release|Any CPU
		{CC2710FD-D81A-491E-A1BE-5ACA48A23FA8}.Release|Any CPU.Build.0 = Release|Any CPU
		{7A87DDC8-D390-4C21-8D7E-85AB6060C1B3}.Debug|Any CPU.ActiveCfg = Debug|Any CPU
		{7A87DDC8-D390-4C21-8D7E-85AB6060C1B3}.Debug|Any CPU.Build.0 = Debug|Any CPU
		{7A87DDC8-D390-4C21-8D7E-85AB6060C1B3}.Release|Any CPU.ActiveCfg = Release|Any CPU
		{7A87DDC8-D390-4C21-8D7E-85AB6060C1B3}.Release|Any CPU.Build.0 = Release|Any CPU
		{E5D2B8B1-11B1-4F04-B152-383F6F2CD7EE}.Debug|Any CPU.ActiveCfg = Debug|Any CPU
		{E5D2B8B1-11B1-4F04-B152-383F6F2CD7EE}.Debug|Any CPU.Build.0 = Debug|Any CPU
		{E5D2B8B1-11B1-4F04-B152-383F6F2CD7EE}.Release|Any CPU.ActiveCfg = Release|Any CPU
		{E5D2B8B1-11B1-4F04-B152-383F6F2CD7EE}.Release|Any CPU.Build.0 = Release|Any CPU
		{31FCEA93-8D5E-403D-BB06-E624765AA4F6}.Debug|Any CPU.ActiveCfg = Debug|Any CPU
		{31FCEA93-8D5E-403D-BB06-E624765AA4F6}.Debug|Any CPU.Build.0 = Debug|Any CPU
		{31FCEA93-8D5E-403D-BB06-E624765AA4F6}.Release|Any CPU.ActiveCfg = Release|Any CPU
		{31FCEA93-8D5E-403D-BB06-E624765AA4F6}.Release|Any CPU.Build.0 = Release|Any CPU
		{0E32C325-3D8A-4C42-BE4E-CF8F40F7C614}.Debug|Any CPU.ActiveCfg = Debug|Any CPU
		{0E32C325-3D8A-4C42-BE4E-CF8F40F7C614}.Debug|Any CPU.Build.0 = Debug|Any CPU
		{0E32C325-3D8A-4C42-BE4E-CF8F40F7C614}.Release|Any CPU.ActiveCfg = Release|Any CPU
		{0E32C325-3D8A-4C42-BE4E-CF8F40F7C614}.Release|Any CPU.Build.0 = Release|Any CPU
		{7C6A38FC-44ED-42D4-85A7-C21A51E9651D}.Debug|Any CPU.ActiveCfg = Debug|Any CPU
		{7C6A38FC-44ED-42D4-85A7-C21A51E9651D}.Debug|Any CPU.Build.0 = Debug|Any CPU
		{7C6A38FC-44ED-42D4-85A7-C21A51E9651D}.Release|Any CPU.ActiveCfg = Release|Any CPU
		{7C6A38FC-44ED-42D4-85A7-C21A51E9651D}.Release|Any CPU.Build.0 = Release|Any CPU
		{16309175-D62B-4ABF-84CC-D12043F7B17E}.Debug|Any CPU.ActiveCfg = Debug|Any CPU
		{16309175-D62B-4ABF-84CC-D12043F7B17E}.Debug|Any CPU.Build.0 = Debug|Any CPU
		{16309175-D62B-4ABF-84CC-D12043F7B17E}.Release|Any CPU.ActiveCfg = Release|Any CPU
		{16309175-D62B-4ABF-84CC-D12043F7B17E}.Release|Any CPU.Build.0 = Release|Any CPU
		{86C65EF6-6AA5-4BED-ABC1-72D22A4189A7}.Debug|Any CPU.ActiveCfg = Debug|Any CPU
		{86C65EF6-6AA5-4BED-ABC1-72D22A4189A7}.Debug|Any CPU.Build.0 = Debug|Any CPU
		{86C65EF6-6AA5-4BED-ABC1-72D22A4189A7}.Release|Any CPU.ActiveCfg = Release|Any CPU
		{86C65EF6-6AA5-4BED-ABC1-72D22A4189A7}.Release|Any CPU.Build.0 = Release|Any CPU
		{C5521AA0-9139-4634-A8BC-033393052B7D}.Debug|Any CPU.ActiveCfg = Debug|Any CPU
		{C5521AA0-9139-4634-A8BC-033393052B7D}.Debug|Any CPU.Build.0 = Debug|Any CPU
		{C5521AA0-9139-4634-A8BC-033393052B7D}.Release|Any CPU.ActiveCfg = Release|Any CPU
		{C5521AA0-9139-4634-A8BC-033393052B7D}.Release|Any CPU.Build.0 = Release|Any CPU
		{F55A6F24-63AB-4538-9191-767A20A630F5}.Debug|Any CPU.ActiveCfg = Debug|Any CPU
		{F55A6F24-63AB-4538-9191-767A20A630F5}.Debug|Any CPU.Build.0 = Debug|Any CPU
		{F55A6F24-63AB-4538-9191-767A20A630F5}.Release|Any CPU.ActiveCfg = Release|Any CPU
		{F55A6F24-63AB-4538-9191-767A20A630F5}.Release|Any CPU.Build.0 = Release|Any CPU
	EndGlobalSection
	GlobalSection(SolutionProperties) = preSolution
		HideSolutionNode = FALSE
	EndGlobalSection
	GlobalSection(NestedProjects) = preSolution
		{1296D5B2-561F-4F4C-B2CE-63CFAAD00916} = {2D0C1E3C-2543-4D69-BE25-FDDEA883D44F}
		{E6D25438-979D-4BA2-B32D-B82B4943107D} = {2D0C1E3C-2543-4D69-BE25-FDDEA883D44F}
		{15114C3A-99FB-46D0-A65B-9BE3524A0179} = {2D0C1E3C-2543-4D69-BE25-FDDEA883D44F}
		{051FF6E3-476E-439E-8369-014A67EAB7BE} = {2D0C1E3C-2543-4D69-BE25-FDDEA883D44F}
		{33928CE6-68D0-4A6D-A34F-EC2EC1919D1F} = {2D0C1E3C-2543-4D69-BE25-FDDEA883D44F}
		{CC2710FD-D81A-491E-A1BE-5ACA48A23FA8} = {1296D5B2-561F-4F4C-B2CE-63CFAAD00916}
		{7A87DDC8-D390-4C21-8D7E-85AB6060C1B3} = {1296D5B2-561F-4F4C-B2CE-63CFAAD00916}
		{E5D2B8B1-11B1-4F04-B152-383F6F2CD7EE} = {E6D25438-979D-4BA2-B32D-B82B4943107D}
		{31FCEA93-8D5E-403D-BB06-E624765AA4F6} = {E6D25438-979D-4BA2-B32D-B82B4943107D}
		{0E32C325-3D8A-4C42-BE4E-CF8F40F7C614} = {15114C3A-99FB-46D0-A65B-9BE3524A0179}
		{7C6A38FC-44ED-42D4-85A7-C21A51E9651D} = {051FF6E3-476E-439E-8369-014A67EAB7BE}
		{16309175-D62B-4ABF-84CC-D12043F7B17E} = {051FF6E3-476E-439E-8369-014A67EAB7BE}
		{86C65EF6-6AA5-4BED-ABC1-72D22A4189A7} = {33928CE6-68D0-4A6D-A34F-EC2EC1919D1F}
		{C5521AA0-9139-4634-A8BC-033393052B7D} = {E6D25438-979D-4BA2-B32D-B82B4943107D}
		{F55A6F24-63AB-4538-9191-767A20A630F5} = {E6D25438-979D-4BA2-B32D-B82B4943107D}
	EndGlobalSection
	GlobalSection(ExtensibilityGlobals) = postSolution
		SolutionGuid = {4F38B6B6-5ED6-4955-B1BD-550D933C931B}
	EndGlobalSection
EndGlobal
